// !$*UTF8*$!
{
	archiveVersion = 1;
	classes = {
	};
	objectVersion = 50;
	objects = {

/* Begin PBXBuildFile section */
		2C0E75A8237F82C300D6F65B /* AppDelegate.swift in Sources */ = {isa = PBXBuildFile; fileRef = 2C0E75A7237F82C300D6F65B /* AppDelegate.swift */; };
		2C0E75AA237F82C300D6F65B /* SceneDelegate.swift in Sources */ = {isa = PBXBuildFile; fileRef = 2C0E75A9237F82C300D6F65B /* SceneDelegate.swift */; };
		2C0E75AF237F82C300D6F65B /* Main.storyboard in Resources */ = {isa = PBXBuildFile; fileRef = 2C0E75AD237F82C300D6F65B /* Main.storyboard */; };
		2C0E75B1237F82C700D6F65B /* Assets.xcassets in Resources */ = {isa = PBXBuildFile; fileRef = 2C0E75B0237F82C700D6F65B /* Assets.xcassets */; };
		2C0E75B4237F82C700D6F65B /* LaunchScreen.storyboard in Resources */ = {isa = PBXBuildFile; fileRef = 2C0E75B2237F82C700D6F65B /* LaunchScreen.storyboard */; };
		2C4BEF112384C5900064E284 /* Season.swift in Sources */ = {isa = PBXBuildFile; fileRef = 2C4BEF102384C5900064E284 /* Season.swift */; };
		2C4BEF132384C6210064E284 /* SeasonsController.swift in Sources */ = {isa = PBXBuildFile; fileRef = 2C4BEF122384C6210064E284 /* SeasonsController.swift */; };
		2C53E32323831ADD005AE44C /* Poppins-Bold.ttf in Resources */ = {isa = PBXBuildFile; fileRef = 2C53E32223831ADD005AE44C /* Poppins-Bold.ttf */; };
		2C53E32523831AE8005AE44C /* Poppins-Medium.ttf in Resources */ = {isa = PBXBuildFile; fileRef = 2C53E32423831AE8005AE44C /* Poppins-Medium.ttf */; };
		2C53E32723831AF0005AE44C /* Poppins-Regular.ttf in Resources */ = {isa = PBXBuildFile; fileRef = 2C53E32623831AF0005AE44C /* Poppins-Regular.ttf */; };
		2C53E32923831D04005AE44C /* Montserrat-SemiBold.ttf in Resources */ = {isa = PBXBuildFile; fileRef = 2C53E32823831D04005AE44C /* Montserrat-SemiBold.ttf */; };
		2C53E32B23831D0E005AE44C /* Montserrat-Medium.ttf in Resources */ = {isa = PBXBuildFile; fileRef = 2C53E32A23831D0E005AE44C /* Montserrat-Medium.ttf */; };
		2C53E32D23831F03005AE44C /* Oswald-Bold.ttf in Resources */ = {isa = PBXBuildFile; fileRef = 2C53E32C23831F03005AE44C /* Oswald-Bold.ttf */; };
		2C53E32F23831F0A005AE44C /* Oswald-SemiBold.ttf in Resources */ = {isa = PBXBuildFile; fileRef = 2C53E32E23831F0A005AE44C /* Oswald-SemiBold.ttf */; };
		2C53E33123831F10005AE44C /* Oswald-Regular.ttf in Resources */ = {isa = PBXBuildFile; fileRef = 2C53E33023831F0F005AE44C /* Oswald-Regular.ttf */; };
		2C53E33323832228005AE44C /* Play-Bold.ttf in Resources */ = {isa = PBXBuildFile; fileRef = 2C53E33223832228005AE44C /* Play-Bold.ttf */; };
		2C53E33523832289005AE44C /* Play-Regular.ttf in Resources */ = {isa = PBXBuildFile; fileRef = 2C53E33423832289005AE44C /* Play-Regular.ttf */; };
		2C53E33C23832670005AE44C /* Muli-VariableFont:wght.ttf in Resources */ = {isa = PBXBuildFile; fileRef = 2C53E33B23832670005AE44C /* Muli-VariableFont:wght.ttf */; };
		2C53E33E2383269A005AE44C /* Caudex-Regular.ttf in Resources */ = {isa = PBXBuildFile; fileRef = 2C53E33D2383269A005AE44C /* Caudex-Regular.ttf */; };
		2C53E34123834D8D005AE44C /* Show.swift in Sources */ = {isa = PBXBuildFile; fileRef = 2C53E34023834D8D005AE44C /* Show.swift */; };
		2CA15AE523848554000CE54B /* ShowsCollectionViewController.swift in Sources */ = {isa = PBXBuildFile; fileRef = 2CA15AE423848554000CE54B /* ShowsCollectionViewController.swift */; };
		2CA15AE723848657000CE54B /* ShowsCollectionViewCell.swift in Sources */ = {isa = PBXBuildFile; fileRef = 2CA15AE623848657000CE54B /* ShowsCollectionViewCell.swift */; };
		2CA15AEB238488C4000CE54B /* SeasonsCollectionViewController.swift in Sources */ = {isa = PBXBuildFile; fileRef = 2CA15AEA238488C4000CE54B /* SeasonsCollectionViewController.swift */; };
		2CA15AED23848BC9000CE54B /* DetailViewController.swift in Sources */ = {isa = PBXBuildFile; fileRef = 2CA15AEC23848BC9000CE54B /* DetailViewController.swift */; };
		2CF90BCF2384593800D4164F /* ShowsController.swift in Sources */ = {isa = PBXBuildFile; fileRef = 2CF90BCE2384593800D4164F /* ShowsController.swift */; };
/* End PBXBuildFile section */

/* Begin PBXFileReference section */
		2C0E75A4237F82C300D6F65B /* PressPlay.app */ = {isa = PBXFileReference; explicitFileType = wrapper.application; includeInIndex = 0; path = PressPlay.app; sourceTree = BUILT_PRODUCTS_DIR; };
		2C0E75A7237F82C300D6F65B /* AppDelegate.swift */ = {isa = PBXFileReference; lastKnownFileType = sourcecode.swift; path = AppDelegate.swift; sourceTree = "<group>"; };
		2C0E75A9237F82C300D6F65B /* SceneDelegate.swift */ = {isa = PBXFileReference; lastKnownFileType = sourcecode.swift; path = SceneDelegate.swift; sourceTree = "<group>"; };
		2C0E75AE237F82C300D6F65B /* Base */ = {isa = PBXFileReference; lastKnownFileType = file.storyboard; name = Base; path = Base.lproj/Main.storyboard; sourceTree = "<group>"; };
		2C0E75B0237F82C700D6F65B /* Assets.xcassets */ = {isa = PBXFileReference; lastKnownFileType = folder.assetcatalog; path = Assets.xcassets; sourceTree = "<group>"; };
		2C0E75B3237F82C700D6F65B /* Base */ = {isa = PBXFileReference; lastKnownFileType = file.storyboard; name = Base; path = Base.lproj/LaunchScreen.storyboard; sourceTree = "<group>"; };
		2C0E75B5237F82C700D6F65B /* Info.plist */ = {isa = PBXFileReference; lastKnownFileType = text.plist.xml; path = Info.plist; sourceTree = "<group>"; };
		2C4BEF102384C5900064E284 /* Season.swift */ = {isa = PBXFileReference; lastKnownFileType = sourcecode.swift; path = Season.swift; sourceTree = "<group>"; };
		2C4BEF122384C6210064E284 /* SeasonsController.swift */ = {isa = PBXFileReference; lastKnownFileType = sourcecode.swift; path = SeasonsController.swift; sourceTree = "<group>"; };
		2C53E32223831ADD005AE44C /* Poppins-Bold.ttf */ = {isa = PBXFileReference; lastKnownFileType = file; path = "Poppins-Bold.ttf"; sourceTree = "<group>"; };
		2C53E32423831AE8005AE44C /* Poppins-Medium.ttf */ = {isa = PBXFileReference; lastKnownFileType = file; path = "Poppins-Medium.ttf"; sourceTree = "<group>"; };
		2C53E32623831AF0005AE44C /* Poppins-Regular.ttf */ = {isa = PBXFileReference; lastKnownFileType = file; path = "Poppins-Regular.ttf"; sourceTree = "<group>"; };
		2C53E32823831D04005AE44C /* Montserrat-SemiBold.ttf */ = {isa = PBXFileReference; lastKnownFileType = file; path = "Montserrat-SemiBold.ttf"; sourceTree = "<group>"; };
		2C53E32A23831D0E005AE44C /* Montserrat-Medium.ttf */ = {isa = PBXFileReference; lastKnownFileType = file; path = "Montserrat-Medium.ttf"; sourceTree = "<group>"; };
		2C53E32C23831F03005AE44C /* Oswald-Bold.ttf */ = {isa = PBXFileReference; lastKnownFileType = file; path = "Oswald-Bold.ttf"; sourceTree = "<group>"; };
		2C53E32E23831F0A005AE44C /* Oswald-SemiBold.ttf */ = {isa = PBXFileReference; lastKnownFileType = file; path = "Oswald-SemiBold.ttf"; sourceTree = "<group>"; };
		2C53E33023831F0F005AE44C /* Oswald-Regular.ttf */ = {isa = PBXFileReference; lastKnownFileType = file; path = "Oswald-Regular.ttf"; sourceTree = "<group>"; };
		2C53E33223832228005AE44C /* Play-Bold.ttf */ = {isa = PBXFileReference; lastKnownFileType = file; path = "Play-Bold.ttf"; sourceTree = "<group>"; };
		2C53E33423832289005AE44C /* Play-Regular.ttf */ = {isa = PBXFileReference; lastKnownFileType = file; path = "Play-Regular.ttf"; sourceTree = "<group>"; };
		2C53E33B23832670005AE44C /* Muli-VariableFont:wght.ttf */ = {isa = PBXFileReference; lastKnownFileType = file; path = "Muli-VariableFont:wght.ttf"; sourceTree = "<group>"; };
		2C53E33D2383269A005AE44C /* Caudex-Regular.ttf */ = {isa = PBXFileReference; lastKnownFileType = file; path = "Caudex-Regular.ttf"; sourceTree = "<group>"; };
		2C53E34023834D8D005AE44C /* Show.swift */ = {isa = PBXFileReference; lastKnownFileType = sourcecode.swift; path = Show.swift; sourceTree = "<group>"; };
		2CA15AE423848554000CE54B /* ShowsCollectionViewController.swift */ = {isa = PBXFileReference; lastKnownFileType = sourcecode.swift; path = ShowsCollectionViewController.swift; sourceTree = "<group>"; };
		2CA15AE623848657000CE54B /* ShowsCollectionViewCell.swift */ = {isa = PBXFileReference; lastKnownFileType = sourcecode.swift; path = ShowsCollectionViewCell.swift; sourceTree = "<group>"; };
		2CA15AEA238488C4000CE54B /* SeasonsCollectionViewController.swift */ = {isa = PBXFileReference; lastKnownFileType = sourcecode.swift; path = SeasonsCollectionViewController.swift; sourceTree = "<group>"; };
		2CA15AEC23848BC9000CE54B /* DetailViewController.swift */ = {isa = PBXFileReference; lastKnownFileType = sourcecode.swift; path = DetailViewController.swift; sourceTree = "<group>"; };
		2CF90BCE2384593800D4164F /* ShowsController.swift */ = {isa = PBXFileReference; lastKnownFileType = sourcecode.swift; path = ShowsController.swift; sourceTree = "<group>"; };
/* End PBXFileReference section */

/* Begin PBXFrameworksBuildPhase section */
		2C0E75A1237F82C300D6F65B /* Frameworks */ = {
			isa = PBXFrameworksBuildPhase;
			buildActionMask = 2147483647;
			files = (
			);
			runOnlyForDeploymentPostprocessing = 0;
		};
/* End PBXFrameworksBuildPhase section */

/* Begin PBXGroup section */
		2C0E759B237F82C300D6F65B = {
			isa = PBXGroup;
			children = (
				2C0E75A6237F82C300D6F65B /* PressPlay */,
				2C0E75A5237F82C300D6F65B /* Products */,
			);
			sourceTree = "<group>";
		};
		2C0E75A5237F82C300D6F65B /* Products */ = {
			isa = PBXGroup;
			children = (
				2C0E75A4237F82C300D6F65B /* PressPlay.app */,
			);
			name = Products;
			sourceTree = "<group>";
		};
		2C0E75A6237F82C300D6F65B /* PressPlay */ = {
			isa = PBXGroup;
			children = (
				2C0E75B5237F82C700D6F65B /* Info.plist */,
				2CF90BD323846E7100D4164F /* Resources */,
				2CF90BD223846E3000D4164F /* Views */,
				2C53E33F238348B6005AE44C /* Fonts */,
				2CF90BD123846E2300D4164F /* Models */,
				2CF90BD023846E1300D4164F /* Controllers */,
			);
			path = PressPlay;
			sourceTree = "<group>";
		};
		2C53E33F238348B6005AE44C /* Fonts */ = {
			isa = PBXGroup;
			children = (
				2C53E32223831ADD005AE44C /* Poppins-Bold.ttf */,
				2C53E32423831AE8005AE44C /* Poppins-Medium.ttf */,
				2C53E32623831AF0005AE44C /* Poppins-Regular.ttf */,
				2C53E32823831D04005AE44C /* Montserrat-SemiBold.ttf */,
				2C53E32A23831D0E005AE44C /* Montserrat-Medium.ttf */,
				2C53E32C23831F03005AE44C /* Oswald-Bold.ttf */,
				2C53E32E23831F0A005AE44C /* Oswald-SemiBold.ttf */,
				2C53E33023831F0F005AE44C /* Oswald-Regular.ttf */,
				2C53E33223832228005AE44C /* Play-Bold.ttf */,
				2C53E33423832289005AE44C /* Play-Regular.ttf */,
				2C53E33B23832670005AE44C /* Muli-VariableFont:wght.ttf */,
				2C53E33D2383269A005AE44C /* Caudex-Regular.ttf */,
			);
			path = Fonts;
			sourceTree = "<group>";
		};
		2CF90BD023846E1300D4164F /* Controllers */ = {
			isa = PBXGroup;
			children = (
				2CA15AE423848554000CE54B /* ShowsCollectionViewController.swift */,
				2CA15AE623848657000CE54B /* ShowsCollectionViewCell.swift */,
				2CA15AEA238488C4000CE54B /* SeasonsCollectionViewController.swift */,
				2CA15AEC23848BC9000CE54B /* DetailViewController.swift */,
			);
			path = Controllers;
			sourceTree = "<group>";
		};
		2CF90BD123846E2300D4164F /* Models */ = {
			isa = PBXGroup;
			children = (
				2C53E34023834D8D005AE44C /* Show.swift */,
				2CF90BCE2384593800D4164F /* ShowsController.swift */,
				2C4BEF102384C5900064E284 /* Season.swift */,
				2C4BEF122384C6210064E284 /* SeasonsController.swift */,
			);
			path = Models;
			sourceTree = "<group>";
		};
		2CF90BD223846E3000D4164F /* Views */ = {
			isa = PBXGroup;
			children = (
				2C0E75AD237F82C300D6F65B /* Main.storyboard */,
				2C0E75B2237F82C700D6F65B /* LaunchScreen.storyboard */,
			);
			path = Views;
			sourceTree = "<group>";
		};
		2CF90BD323846E7100D4164F /* Resources */ = {
			isa = PBXGroup;
			children = (
				2C0E75A7237F82C300D6F65B /* AppDelegate.swift */,
				2C0E75A9237F82C300D6F65B /* SceneDelegate.swift */,
				2C0E75B0237F82C700D6F65B /* Assets.xcassets */,
			);
			path = Resources;
			sourceTree = "<group>";
		};
/* End PBXGroup section */

/* Begin PBXNativeTarget section */
		2C0E75A3237F82C300D6F65B /* PressPlay */ = {
			isa = PBXNativeTarget;
			buildConfigurationList = 2C0E75B8237F82C700D6F65B /* Build configuration list for PBXNativeTarget "PressPlay" */;
			buildPhases = (
				2C0E75A0237F82C300D6F65B /* Sources */,
				2C0E75A1237F82C300D6F65B /* Frameworks */,
				2C0E75A2237F82C300D6F65B /* Resources */,
			);
			buildRules = (
			);
			dependencies = (
			);
			name = PressPlay;
			productName = PressPlay;
			productReference = 2C0E75A4237F82C300D6F65B /* PressPlay.app */;
			productType = "com.apple.product-type.application";
		};
/* End PBXNativeTarget section */

/* Begin PBXProject section */
		2C0E759C237F82C300D6F65B /* Project object */ = {
			isa = PBXProject;
			attributes = {
				LastSwiftUpdateCheck = 1120;
				LastUpgradeCheck = 1120;
				ORGANIZATIONNAME = "Tobi Kuyoro";
				TargetAttributes = {
					2C0E75A3237F82C300D6F65B = {
						CreatedOnToolsVersion = 11.2;
					};
				};
			};
			buildConfigurationList = 2C0E759F237F82C300D6F65B /* Build configuration list for PBXProject "PressPlay" */;
			compatibilityVersion = "Xcode 9.3";
			developmentRegion = en;
			hasScannedForEncodings = 0;
			knownRegions = (
				en,
				Base,
			);
			mainGroup = 2C0E759B237F82C300D6F65B;
			productRefGroup = 2C0E75A5237F82C300D6F65B /* Products */;
			projectDirPath = "";
			projectRoot = "";
			targets = (
				2C0E75A3237F82C300D6F65B /* PressPlay */,
			);
		};
/* End PBXProject section */

/* Begin PBXResourcesBuildPhase section */
		2C0E75A2237F82C300D6F65B /* Resources */ = {
			isa = PBXResourcesBuildPhase;
			buildActionMask = 2147483647;
			files = (
				2C53E33123831F10005AE44C /* Oswald-Regular.ttf in Resources */,
				2C53E33C23832670005AE44C /* Muli-VariableFont:wght.ttf in Resources */,
				2C53E33E2383269A005AE44C /* Caudex-Regular.ttf in Resources */,
				2C53E33323832228005AE44C /* Play-Bold.ttf in Resources */,
				2C0E75B4237F82C700D6F65B /* LaunchScreen.storyboard in Resources */,
				2C53E32F23831F0A005AE44C /* Oswald-SemiBold.ttf in Resources */,
				2C0E75B1237F82C700D6F65B /* Assets.xcassets in Resources */,
				2C0E75AF237F82C300D6F65B /* Main.storyboard in Resources */,
				2C53E32923831D04005AE44C /* Montserrat-SemiBold.ttf in Resources */,
				2C53E32723831AF0005AE44C /* Poppins-Regular.ttf in Resources */,
				2C53E32D23831F03005AE44C /* Oswald-Bold.ttf in Resources */,
				2C53E32323831ADD005AE44C /* Poppins-Bold.ttf in Resources */,
				2C53E33523832289005AE44C /* Play-Regular.ttf in Resources */,
				2C53E32B23831D0E005AE44C /* Montserrat-Medium.ttf in Resources */,
				2C53E32523831AE8005AE44C /* Poppins-Medium.ttf in Resources */,
			);
			runOnlyForDeploymentPostprocessing = 0;
		};
/* End PBXResourcesBuildPhase section */

/* Begin PBXSourcesBuildPhase section */
		2C0E75A0237F82C300D6F65B /* Sources */ = {
			isa = PBXSourcesBuildPhase;
			buildActionMask = 2147483647;
			files = (
				2CF90BCF2384593800D4164F /* ShowsController.swift in Sources */,
				2CA15AEB238488C4000CE54B /* SeasonsCollectionViewController.swift in Sources */,
				2C4BEF112384C5900064E284 /* Season.swift in Sources */,
				2CA15AE723848657000CE54B /* ShowsCollectionViewCell.swift in Sources */,
				2C0E75A8237F82C300D6F65B /* AppDelegate.swift in Sources */,
				2C53E34123834D8D005AE44C /* Show.swift in Sources */,
				2C4BEF132384C6210064E284 /* SeasonsController.swift in Sources */,
				2CA15AE523848554000CE54B /* ShowsCollectionViewController.swift in Sources */,
				2C0E75AA237F82C300D6F65B /* SceneDelegate.swift in Sources */,
				2CA15AED23848BC9000CE54B /* DetailViewController.swift in Sources */,
			);
			runOnlyForDeploymentPostprocessing = 0;
		};
/* End PBXSourcesBuildPhase section */

/* Begin PBXVariantGroup section */
		2C0E75AD237F82C300D6F65B /* Main.storyboard */ = {
			isa = PBXVariantGroup;
			children = (
				2C0E75AE237F82C300D6F65B /* Base */,
			);
			name = Main.storyboard;
			sourceTree = "<group>";
		};
		2C0E75B2237F82C700D6F65B /* LaunchScreen.storyboard */ = {
			isa = PBXVariantGroup;
			children = (
				2C0E75B3237F82C700D6F65B /* Base */,
			);
			name = LaunchScreen.storyboard;
			sourceTree = "<group>";
		};
/* End PBXVariantGroup section */

/* Begin XCBuildConfiguration section */
		2C0E75B6237F82C700D6F65B /* Debug */ = {
			isa = XCBuildConfiguration;
			buildSettings = {
				ALWAYS_SEARCH_USER_PATHS = NO;
				CLANG_ANALYZER_NONNULL = YES;
				CLANG_ANALYZER_NUMBER_OBJECT_CONVERSION = YES_AGGRESSIVE;
				CLANG_CXX_LANGUAGE_STANDARD = "gnu++14";
				CLANG_CXX_LIBRARY = "libc++";
				CLANG_ENABLE_MODULES = YES;
				CLANG_ENABLE_OBJC_ARC = YES;
				CLANG_ENABLE_OBJC_WEAK = YES;
				CLANG_WARN_BLOCK_CAPTURE_AUTORELEASING = YES;
				CLANG_WARN_BOOL_CONVERSION = YES;
				CLANG_WARN_COMMA = YES;
				CLANG_WARN_CONSTANT_CONVERSION = YES;
				CLANG_WARN_DEPRECATED_OBJC_IMPLEMENTATIONS = YES;
				CLANG_WARN_DIRECT_OBJC_ISA_USAGE = YES_ERROR;
				CLANG_WARN_DOCUMENTATION_COMMENTS = YES;
				CLANG_WARN_EMPTY_BODY = YES;
				CLANG_WARN_ENUM_CONVERSION = YES;
				CLANG_WARN_INFINITE_RECURSION = YES;
				CLANG_WARN_INT_CONVERSION = YES;
				CLANG_WARN_NON_LITERAL_NULL_CONVERSION = YES;
				CLANG_WARN_OBJC_IMPLICIT_RETAIN_SELF = YES;
				CLANG_WARN_OBJC_LITERAL_CONVERSION = YES;
				CLANG_WARN_OBJC_ROOT_CLASS = YES_ERROR;
				CLANG_WARN_RANGE_LOOP_ANALYSIS = YES;
				CLANG_WARN_STRICT_PROTOTYPES = YES;
				CLANG_WARN_SUSPICIOUS_MOVE = YES;
				CLANG_WARN_UNGUARDED_AVAILABILITY = YES_AGGRESSIVE;
				CLANG_WARN_UNREACHABLE_CODE = YES;
				CLANG_WARN__DUPLICATE_METHOD_MATCH = YES;
				COPY_PHASE_STRIP = NO;
				DEBUG_INFORMATION_FORMAT = dwarf;
				ENABLE_STRICT_OBJC_MSGSEND = YES;
				ENABLE_TESTABILITY = YES;
				GCC_C_LANGUAGE_STANDARD = gnu11;
				GCC_DYNAMIC_NO_PIC = NO;
				GCC_NO_COMMON_BLOCKS = YES;
				GCC_OPTIMIZATION_LEVEL = 0;
				GCC_PREPROCESSOR_DEFINITIONS = (
					"DEBUG=1",
					"$(inherited)",
				);
				GCC_WARN_64_TO_32_BIT_CONVERSION = YES;
				GCC_WARN_ABOUT_RETURN_TYPE = YES_ERROR;
				GCC_WARN_UNDECLARED_SELECTOR = YES;
				GCC_WARN_UNINITIALIZED_AUTOS = YES_AGGRESSIVE;
				GCC_WARN_UNUSED_FUNCTION = YES;
				GCC_WARN_UNUSED_VARIABLE = YES;
				IPHONEOS_DEPLOYMENT_TARGET = 13.2;
				MTL_ENABLE_DEBUG_INFO = INCLUDE_SOURCE;
				MTL_FAST_MATH = YES;
				ONLY_ACTIVE_ARCH = YES;
				SDKROOT = iphoneos;
				SWIFT_ACTIVE_COMPILATION_CONDITIONS = DEBUG;
				SWIFT_OPTIMIZATION_LEVEL = "-Onone";
			};
			name = Debug;
		};
		2C0E75B7237F82C700D6F65B /* Release */ = {
			isa = XCBuildConfiguration;
			buildSettings = {
				ALWAYS_SEARCH_USER_PATHS = NO;
				CLANG_ANALYZER_NONNULL = YES;
				CLANG_ANALYZER_NUMBER_OBJECT_CONVERSION = YES_AGGRESSIVE;
				CLANG_CXX_LANGUAGE_STANDARD = "gnu++14";
				CLANG_CXX_LIBRARY = "libc++";
				CLANG_ENABLE_MODULES = YES;
				CLANG_ENABLE_OBJC_ARC = YES;
				CLANG_ENABLE_OBJC_WEAK = YES;
				CLANG_WARN_BLOCK_CAPTURE_AUTORELEASING = YES;
				CLANG_WARN_BOOL_CONVERSION = YES;
				CLANG_WARN_COMMA = YES;
				CLANG_WARN_CONSTANT_CONVERSION = YES;
				CLANG_WARN_DEPRECATED_OBJC_IMPLEMENTATIONS = YES;
				CLANG_WARN_DIRECT_OBJC_ISA_USAGE = YES_ERROR;
				CLANG_WARN_DOCUMENTATION_COMMENTS = YES;
				CLANG_WARN_EMPTY_BODY = YES;
				CLANG_WARN_ENUM_CONVERSION = YES;
				CLANG_WARN_INFINITE_RECURSION = YES;
				CLANG_WARN_INT_CONVERSION = YES;
				CLANG_WARN_NON_LITERAL_NULL_CONVERSION = YES;
				CLANG_WARN_OBJC_IMPLICIT_RETAIN_SELF = YES;
				CLANG_WARN_OBJC_LITERAL_CONVERSION = YES;
				CLANG_WARN_OBJC_ROOT_CLASS = YES_ERROR;
				CLANG_WARN_RANGE_LOOP_ANALYSIS = YES;
				CLANG_WARN_STRICT_PROTOTYPES = YES;
				CLANG_WARN_SUSPICIOUS_MOVE = YES;
				CLANG_WARN_UNGUARDED_AVAILABILITY = YES_AGGRESSIVE;
				CLANG_WARN_UNREACHABLE_CODE = YES;
				CLANG_WARN__DUPLICATE_METHOD_MATCH = YES;
				COPY_PHASE_STRIP = NO;
				DEBUG_INFORMATION_FORMAT = "dwarf-with-dsym";
				ENABLE_NS_ASSERTIONS = NO;
				ENABLE_STRICT_OBJC_MSGSEND = YES;
				GCC_C_LANGUAGE_STANDARD = gnu11;
				GCC_NO_COMMON_BLOCKS = YES;
				GCC_WARN_64_TO_32_BIT_CONVERSION = YES;
				GCC_WARN_ABOUT_RETURN_TYPE = YES_ERROR;
				GCC_WARN_UNDECLARED_SELECTOR = YES;
				GCC_WARN_UNINITIALIZED_AUTOS = YES_AGGRESSIVE;
				GCC_WARN_UNUSED_FUNCTION = YES;
				GCC_WARN_UNUSED_VARIABLE = YES;
				IPHONEOS_DEPLOYMENT_TARGET = 13.2;
				MTL_ENABLE_DEBUG_INFO = NO;
				MTL_FAST_MATH = YES;
				SDKROOT = iphoneos;
				SWIFT_COMPILATION_MODE = wholemodule;
				SWIFT_OPTIMIZATION_LEVEL = "-O";
				VALIDATE_PRODUCT = YES;
			};
			name = Release;
		};
		2C0E75B9237F82C700D6F65B /* Debug */ = {
			isa = XCBuildConfiguration;
			buildSettings = {
				ASSETCATALOG_COMPILER_APPICON_NAME = AppIcon;
				CODE_SIGN_STYLE = Automatic;
				DEVELOPMENT_TEAM = W485VTCC9R;
				INFOPLIST_FILE = PressPlay/Info.plist;
				LD_RUNPATH_SEARCH_PATHS = (
					"$(inherited)",
					"@executable_path/Frameworks",
				);
				PRODUCT_BUNDLE_IDENTIFIER = com.tobikuyoro.PressPlay;
				PRODUCT_NAME = "$(TARGET_NAME)";
				SWIFT_VERSION = 5.0;
				TARGETED_DEVICE_FAMILY = "1,2";
			};
			name = Debug;
		};
		2C0E75BA237F82C700D6F65B /* Release */ = {
			isa = XCBuildConfiguration;
			buildSettings = {
				ASSETCATALOG_COMPILER_APPICON_NAME = AppIcon;
				CODE_SIGN_STYLE = Automatic;
				DEVELOPMENT_TEAM = W485VTCC9R;
				INFOPLIST_FILE = PressPlay/Info.plist;
				LD_RUNPATH_SEARCH_PATHS = (
					"$(inherited)",
					"@executable_path/Frameworks",
				);
				PRODUCT_BUNDLE_IDENTIFIER = com.tobikuyoro.PressPlay;
				PRODUCT_NAME = "$(TARGET_NAME)";
				SWIFT_VERSION = 5.0;
				TARGETED_DEVICE_FAMILY = "1,2";
			};
			name = Release;
		};
/* End XCBuildConfiguration section */

/* Begin XCConfigurationList section */
		2C0E759F237F82C300D6F65B /* Build configuration list for PBXProject "PressPlay" */ = {
			isa = XCConfigurationList;
			buildConfigurations = (
				2C0E75B6237F82C700D6F65B /* Debug */,
				2C0E75B7237F82C700D6F65B /* Release */,
			);
			defaultConfigurationIsVisible = 0;
			defaultConfigurationName = Release;
		};
		2C0E75B8237F82C700D6F65B /* Build configuration list for PBXNativeTarget "PressPlay" */ = {
			isa = XCConfigurationList;
			buildConfigurations = (
				2C0E75B9237F82C700D6F65B /* Debug */,
				2C0E75BA237F82C700D6F65B /* Release */,
			);
			defaultConfigurationIsVisible = 0;
			defaultConfigurationName = Release;
		};
/* End XCConfigurationList section */
	};
	rootObject = 2C0E759C237F82C300D6F65B /* Project object */;
}
